
Microsoft Visual Studio Solution File, Format Version 12.00
# Visual Studio 15
VisualStudioVersion = 15.0.28307.645
MinimumVisualStudioVersion = 10.0.40219.1
Project("{8BC9CEB8-8B4A-11D0-8D11-00A0C91BC942}") = "赋值语句语法分析", "赋值语句语法分析\赋值语句语法分析.vcxproj", "{33E7F173-E40F-4B76-AB12-87E8073E177C}"
EndProject
Global
	GlobalSection(SolutionConfigurationPlatforms) = preSolution
		Debug|x64 = Debug|x64
		Debug|x86 = Debug|x86
		Release|x64 = Release|x64
		Release|x86 = Release|x86
	EndGlobalSection
	GlobalSection(ProjectConfigurationPlatforms) = postSolution
		{33E7F173-E40F-4B76-AB12-87E8073E177C}.Debug|x64.ActiveCfg = Debug|x64
		{33E7F173-E40F-4B76-AB12-87E8073E177C}.Debug|x64.Build.0 = Debug|x64
		{33E7F173-E40F-4B76-AB12-87E8073E177C}.Debug|x86.ActiveCfg = Debug|Win32
		{33E7F173-E40F-4B76-AB12-87E8073E177C}.Debug|x86.Build.0 = Debug|Win32
		{33E7F173-E40F-4B76-AB12-87E8073E177C}.Release|x64.ActiveCfg = Release|x64
		{33E7F173-E40F-4B76-AB12-87E8073E177C}.Release|x64.Build.0 = Release|x64
		{33E7F173-E40F-4B76-AB12-87E8073E177C}.Release|x86.ActiveCfg = Release|Win32
		{33E7F173-E40F-4B76-AB12-87E8073E177C}.Release|x86.Build.0 = Release|Win32
	EndGlobalSection
	GlobalSection(SolutionProperties) = preSolution
		HideSolutionNode = FALSE
	EndGlobalSection
	GlobalSection(ExtensibilityGlobals) = postSolution
		SolutionGuid = {14EC84B1-6AC2-4F2A-983A-2CC7AC337BDD}
	EndGlobalSection
EndGlobal
